
Microsoft Visual Studio Solution File, Format Version 12.00
# Visual Studio Version 17
VisualStudioVersion = 17.0.32112.339
MinimumVisualStudioVersion = 10.0.40219.1
Project("{2150E333-8FDC-42A3-9474-1A3956D46DE8}") = "services", "services", "{ED0A7918-04FA-4040-B641-4CA249074083}"
EndProject
Project("{2150E333-8FDC-42A3-9474-1A3956D46DE8}") = "shared", "shared", "{140ED621-3D93-4523-8B62-BE6850E04698}"
EndProject
Project("{2150E333-8FDC-42A3-9474-1A3956D46DE8}") = "apps", "apps", "{79065DE8-D7FB-40A5-980B-A0841A208B38}"
EndProject
Project("{2150E333-8FDC-42A3-9474-1A3956D46DE8}") = "administration", "administration", "{41A0F838-9326-4CF7-BD2D-341017988953}"
EndProject
Project("{2150E333-8FDC-42A3-9474-1A3956D46DE8}") = "sass", "sass", "{5F5DCA12-3FCD-4BCA-81A1-E0989757A660}"
EndProject
Project("{2150E333-8FDC-42A3-9474-1A3956D46DE8}") = "Solution Items", "Solution Items", "{8D0555B6-9418-4373-AAD5-74BC25768D9D}"
	ProjectSection(SolutionItems) = preProject
		.editorconfig = .editorconfig
		tye.yaml = tye.yaml
	EndProjectSection
EndProject
Project("{2150E333-8FDC-42A3-9474-1A3956D46DE8}") = "gateway", "gateway", "{0F209705-7D2E-4697-8C1D-37D5AAE94CBB}"
EndProject
Project("{9A19103F-16F7-4668-BE54-9A1E7A4F7556}") = "Nozhan.Abp.Utilities", "shared\Nozhan.Abp.Utilities\Nozhan.Abp.Utilities.csproj", "{60D9509B-01D2-4011-B7F6-61895BF00090}"
EndProject
Project("{2150E333-8FDC-42A3-9474-1A3956D46DE8}") = "projects", "projects", "{6935604B-47C3-429F-AEEA-B05983CDC76B}"
EndProject
Project("{2150E333-8FDC-42A3-9474-1A3956D46DE8}") = "main", "main", "{90B31847-2889-4561-B619-79E73A0B8FCF}"
EndProject
Project("{2150E333-8FDC-42A3-9474-1A3956D46DE8}") = "etc", "etc", "{84E88B2D-B865-4D4C-9500-2DE9866CD7B4}"
EndProject
Project("{2150E333-8FDC-42A3-9474-1A3956D46DE8}") = "dev-cert", "dev-cert", "{9E7D65C9-D143-4756-B465-FBE87F6219E7}"
	ProjectSection(SolutionItems) = preProject
		etc\dev-cert\create-certificate.ps1 = etc\dev-cert\create-certificate.ps1
		etc\dev-cert\localhost.conf = etc\dev-cert\localhost.conf
	EndProjectSection
EndProject
Project("{9A19103F-16F7-4668-BE54-9A1E7A4F7556}") = "Nozan.Utility.ApiResponseWrapper", "shared\Nozan.Utility.ApiResponseWrapper\Nozan.Utility.ApiResponseWrapper.csproj", "{128FF9DB-0909-4320-B6BD-741323DD2B0C}"
EndProject
Project("{2150E333-8FDC-42A3-9474-1A3956D46DE8}") = "postman", "postman", "{6319F886-D543-434E-BB43-101631837174}"
EndProject
Project("{9A19103F-16F7-4668-BE54-9A1E7A4F7556}") = "AvaPMIS.AuthServer", "apps\AvaPMIS.AuthServer\AvaPMIS.AuthServer.csproj", "{67A76DB4-3010-47FD-90C7-544FFE5814CB}"
EndProject
Project("{9A19103F-16F7-4668-BE54-9A1E7A4F7556}") = "AvaPMIS.Blazor", "apps\AvaPMIS.Blazor\AvaPMIS.Blazor.csproj", "{EED97BD2-D463-4867-B807-56237FA27094}"
EndProject
Project("{9A19103F-16F7-4668-BE54-9A1E7A4F7556}") = "AvaPMIS.Gateway", "gateway\AvaPMIS.Gateway\AvaPMIS.Gateway.csproj", "{9B34FF35-8042-49AD-82E5-690AF0C327CF}"
EndProject
Project("{9A19103F-16F7-4668-BE54-9A1E7A4F7556}") = "AvaPMIS.PublicGateway", "gateway\AvaPMIS.PublicGateway\AvaPMIS.PublicGateway.csproj", "{76346ECE-EE1B-4DFF-9BD3-27E0886F3592}"
EndProject
Project("{9A19103F-16F7-4668-BE54-9A1E7A4F7556}") = "AvaPMIS.Administration.HttpApi.Host", "services\administration\host\AvaPMIS.Administration.HttpApi.Host\AvaPMIS.Administration.HttpApi.Host.csproj", "{5108E66E-85F9-4613-B99B-641F91B6AE5F}"
EndProject
Project("{9A19103F-16F7-4668-BE54-9A1E7A4F7556}") = "AvaPMIS.Administration.Application", "services\administration\src\AvaPMIS.Administration.Application\AvaPMIS.Administration.Application.csproj", "{94BFF37A-6E87-40DB-ADAE-96DB19ED2A54}"
EndProject
Project("{9A19103F-16F7-4668-BE54-9A1E7A4F7556}") = "AvaPMIS.Administration.Application.Contracts", "services\administration\src\AvaPMIS.Administration.Application.Contracts\AvaPMIS.Administration.Application.Contracts.csproj", "{8848E6B7-44A7-474A-AF82-3C6874D92C0A}"
EndProject
Project("{9A19103F-16F7-4668-BE54-9A1E7A4F7556}") = "AvaPMIS.Administration.Domain", "services\administration\src\AvaPMIS.Administration.Domain\AvaPMIS.Administration.Domain.csproj", "{A297F973-D528-4CA0-9D71-23AC943AF75C}"
EndProject
Project("{9A19103F-16F7-4668-BE54-9A1E7A4F7556}") = "AvaPMIS.Administration.Domain.Shared", "services\administration\src\AvaPMIS.Administration.Domain.Shared\AvaPMIS.Administration.Domain.Shared.csproj", "{5BE73043-5B40-4AC2-BFF5-92C3F875BAE9}"
EndProject
Project("{9A19103F-16F7-4668-BE54-9A1E7A4F7556}") = "AvaPMIS.Administration.EntityFrameworkCore", "services\administration\src\AvaPMIS.Administration.EntityFrameworkCore\AvaPMIS.Administration.EntityFrameworkCore.csproj", "{C860D257-9B72-4DC2-97F9-DC53742091C2}"
EndProject
Project("{9A19103F-16F7-4668-BE54-9A1E7A4F7556}") = "AvaPMIS.Administration.HttpApi", "services\administration\src\AvaPMIS.Administration.HttpApi\AvaPMIS.Administration.HttpApi.csproj", "{316F8D80-2373-4991-B974-3375880B7D24}"
EndProject
Project("{9A19103F-16F7-4668-BE54-9A1E7A4F7556}") = "AvaPMIS.Administration.HttpApi.Client", "services\administration\src\AvaPMIS.Administration.HttpApi.Client\AvaPMIS.Administration.HttpApi.Client.csproj", "{66BB7EE9-1990-4F4B-91E6-6CD2C6C3AD9D}"
EndProject
Project("{2150E333-8FDC-42A3-9474-1A3956D46DE8}") = "idendity", "idendity", "{99DDEF57-015C-40A1-86A5-8324A9FD0AEE}"
EndProject
Project("{9A19103F-16F7-4668-BE54-9A1E7A4F7556}") = "AvaPMIS.IdentityService.HttpApi.Host", "services\identity\host\AvaPMIS.IdentityService.HttpApi.Host\AvaPMIS.IdentityService.HttpApi.Host.csproj", "{DCA1BFBB-27E4-419F-98C1-292D4D9970F0}"
EndProject
Project("{9A19103F-16F7-4668-BE54-9A1E7A4F7556}") = "AvaPMIS.IdentityService.Application", "services\identity\src\AvaPMIS.IdentityService.Application\AvaPMIS.IdentityService.Application.csproj", "{C9B405D8-F69E-47D7-BF19-E74D03F40550}"
EndProject
Project("{9A19103F-16F7-4668-BE54-9A1E7A4F7556}") = "AvaPMIS.IdentityService.Application.Contracts", "services\identity\src\AvaPMIS.IdentityService.Application.Contracts\AvaPMIS.IdentityService.Application.Contracts.csproj", "{DE1EBD39-D40E-413E-A469-FE6CC57D6B61}"
EndProject
Project("{9A19103F-16F7-4668-BE54-9A1E7A4F7556}") = "AvaPMIS.IdentityService.Domain", "services\identity\src\AvaPMIS.IdentityService.Domain\AvaPMIS.IdentityService.Domain.csproj", "{B95E7B49-E3D7-4988-9B3D-2408AEB40B7C}"
EndProject
Project("{9A19103F-16F7-4668-BE54-9A1E7A4F7556}") = "AvaPMIS.IdentityService.Domain.Shared", "services\identity\src\AvaPMIS.IdentityService.Domain.Shared\AvaPMIS.IdentityService.Domain.Shared.csproj", "{EA7B010B-3783-4F44-8969-F45FCB9ACFFE}"
EndProject
Project("{9A19103F-16F7-4668-BE54-9A1E7A4F7556}") = "AvaPMIS.IdentityService.EntityFrameworkCore", "services\identity\src\AvaPMIS.IdentityService.EntityFrameworkCore\AvaPMIS.IdentityService.EntityFrameworkCore.csproj", "{69289EC9-D850-4A67-8EE8-FB41411D63AE}"
EndProject
Project("{9A19103F-16F7-4668-BE54-9A1E7A4F7556}") = "AvaPMIS.IdentityService.HttpApi", "services\identity\src\AvaPMIS.IdentityService.HttpApi\AvaPMIS.IdentityService.HttpApi.csproj", "{D095E51C-D543-4434-9B9A-4CEE4828924B}"
EndProject
Project("{9A19103F-16F7-4668-BE54-9A1E7A4F7556}") = "AvaPMIS.IdentityService.HttpApi.Client", "services\identity\src\AvaPMIS.IdentityService.HttpApi.Client\AvaPMIS.IdentityService.HttpApi.Client.csproj", "{78F5E23D-9FA1-4706-9C2F-6DCB2EFB7E70}"
EndProject
Project("{9A19103F-16F7-4668-BE54-9A1E7A4F7556}") = "AvaPMIS.Main.HttpApi.Host", "services\project\main\host\AvaPMIS.Main.HttpApi.Host\AvaPMIS.Main.HttpApi.Host.csproj", "{8546C1F6-9B0E-4EBF-86A2-07217A879597}"
EndProject
Project("{9A19103F-16F7-4668-BE54-9A1E7A4F7556}") = "AvaPMIS.Main.Application", "services\project\main\src\AvaPMIS.Main.Application\AvaPMIS.Main.Application.csproj", "{1C96FD77-A2BB-4B7A-A91F-408967FB2D25}"
EndProject
Project("{9A19103F-16F7-4668-BE54-9A1E7A4F7556}") = "AvaPMIS.Main.Application.Contracts", "services\project\main\src\AvaPMIS.Main.Application.Contracts\AvaPMIS.Main.Application.Contracts.csproj", "{ED64C373-35E5-424D-B648-83989004EF6F}"
EndProject
Project("{9A19103F-16F7-4668-BE54-9A1E7A4F7556}") = "AvaPMIS.Main.Domain", "services\project\main\src\AvaPMIS.Main.Domain\AvaPMIS.Main.Domain.csproj", "{B7EBDA3B-C005-49D8-9B3F-05C33CD5432B}"
EndProject
Project("{9A19103F-16F7-4668-BE54-9A1E7A4F7556}") = "AvaPMIS.Main.Domain.Shared", "services\project\main\src\AvaPMIS.Main.Domain.Shared\AvaPMIS.Main.Domain.Shared.csproj", "{0749A71F-F215-428B-8079-635D22CB5144}"
EndProject
Project("{9A19103F-16F7-4668-BE54-9A1E7A4F7556}") = "AvaPMIS.Main.EntityFrameworkCore", "services\project\main\src\AvaPMIS.Main.EntityFrameworkCore\AvaPMIS.Main.EntityFrameworkCore.csproj", "{975A1A22-E846-4BD4-99AA-F139A04CAB27}"
EndProject
Project("{9A19103F-16F7-4668-BE54-9A1E7A4F7556}") = "AvaPMIS.Main.HttpApi", "services\project\main\src\AvaPMIS.Main.HttpApi\AvaPMIS.Main.HttpApi.csproj", "{0396EC6A-4281-4C06-8E8C-C091D5A210AA}"
EndProject
Project("{9A19103F-16F7-4668-BE54-9A1E7A4F7556}") = "AvaPMIS.Main.HttpApi.Client", "services\project\main\src\AvaPMIS.Main.HttpApi.Client\AvaPMIS.Main.HttpApi.Client.csproj", "{7E01AC3A-1CF8-4092-8EE6-715AEF4B934A}"
EndProject
Project("{9A19103F-16F7-4668-BE54-9A1E7A4F7556}") = "AvaPMIS.SaaS.HttpApi.Host", "services\saas\host\AvaPMIS.SaaS.HttpApi.Host\AvaPMIS.SaaS.HttpApi.Host.csproj", "{12EC9515-CC64-4BC9-A5DE-6020989FA914}"
EndProject
Project("{9A19103F-16F7-4668-BE54-9A1E7A4F7556}") = "AvaPMIS.SaaS.Application.Contracts", "services\saas\src\AvaPMIS.SaaS.Application.Contracts\AvaPMIS.SaaS.Application.Contracts.csproj", "{11B45212-EB5C-4758-85FE-00E58BB7D715}"
EndProject
Project("{9A19103F-16F7-4668-BE54-9A1E7A4F7556}") = "AvaPMIS.SaaS.Application", "services\saas\src\AvaPMIS.SaaS.Application\AvaPMIS.SaaS.Application.csproj", "{C2D05A6C-A784-44FD-AE7D-77BF9FFEB49E}"
EndProject
Project("{9A19103F-16F7-4668-BE54-9A1E7A4F7556}") = "AvaPMIS.SaaS.Domain", "services\saas\src\AvaPMIS.SaaS.Domain\AvaPMIS.SaaS.Domain.csproj", "{6006FBE7-6507-459F-AC18-FCF2BE886763}"
EndProject
Project("{9A19103F-16F7-4668-BE54-9A1E7A4F7556}") = "AvaPMIS.SaaS.Domain.Shared", "services\saas\src\AvaPMIS.SaaS.Domain.Shared\AvaPMIS.SaaS.Domain.Shared.csproj", "{77C79C6A-3B98-4BCF-8946-1EFF295C6F4E}"
EndProject
Project("{9A19103F-16F7-4668-BE54-9A1E7A4F7556}") = "AvaPMIS.SaaS.EntityFrameworkCore", "services\saas\src\AvaPMIS.SaaS.EntityFrameworkCore\AvaPMIS.SaaS.EntityFrameworkCore.csproj", "{4F6E7AC8-2910-49B4-9014-C5556C6A7E8A}"
EndProject
Project("{9A19103F-16F7-4668-BE54-9A1E7A4F7556}") = "AvaPMIS.SaaS.HttpApi", "services\saas\src\AvaPMIS.SaaS.HttpApi\AvaPMIS.SaaS.HttpApi.csproj", "{197ED994-18D8-479D-8974-E1976440B09F}"
EndProject
Project("{9A19103F-16F7-4668-BE54-9A1E7A4F7556}") = "AvaPMIS.SaaS.HttpApi.Client", "services\saas\src\AvaPMIS.SaaS.HttpApi.Client\AvaPMIS.SaaS.HttpApi.Client.csproj", "{2F08455E-CADA-4E48-AC6E-DE7F56330DC8}"
EndProject
Project("{9A19103F-16F7-4668-BE54-9A1E7A4F7556}") = "AvaPMIS.DbMigrator", "shared\AvaPMIS.DbMigrator\AvaPMIS.DbMigrator.csproj", "{93FB5235-1B40-46B4-B5A7-34CB1AE7EDF4}"
EndProject
Project("{9A19103F-16F7-4668-BE54-9A1E7A4F7556}") = "AvaPMIS.Hosting.Shared", "shared\AvaPMIS.Hosting.Shared\AvaPMIS.Hosting.Shared.csproj", "{71D4C348-40DC-4189-8FFA-7D685FA334F5}"
EndProject
Project("{9A19103F-16F7-4668-BE54-9A1E7A4F7556}") = "AvaPMIS.Microservice.Shared", "shared\AvaPMIS.Microservice.Shared\AvaPMIS.Microservice.Shared.csproj", "{5AC2A8D9-18A2-409E-A5BD-5A2226A3E89E}"
EndProject
Global
	GlobalSection(SolutionConfigurationPlatforms) = preSolution
		Debug|Any CPU = Debug|Any CPU
		Release|Any CPU = Release|Any CPU
	EndGlobalSection
	GlobalSection(ProjectConfigurationPlatforms) = postSolution
		{60D9509B-01D2-4011-B7F6-61895BF00090}.Debug|Any CPU.ActiveCfg = Debug|Any CPU
		{60D9509B-01D2-4011-B7F6-61895BF00090}.Debug|Any CPU.Build.0 = Debug|Any CPU
		{60D9509B-01D2-4011-B7F6-61895BF00090}.Release|Any CPU.ActiveCfg = Release|Any CPU
		{60D9509B-01D2-4011-B7F6-61895BF00090}.Release|Any CPU.Build.0 = Release|Any CPU
		{128FF9DB-0909-4320-B6BD-741323DD2B0C}.Debug|Any CPU.ActiveCfg = Debug|Any CPU
		{128FF9DB-0909-4320-B6BD-741323DD2B0C}.Debug|Any CPU.Build.0 = Debug|Any CPU
		{128FF9DB-0909-4320-B6BD-741323DD2B0C}.Release|Any CPU.ActiveCfg = Release|Any CPU
		{128FF9DB-0909-4320-B6BD-741323DD2B0C}.Release|Any CPU.Build.0 = Release|Any CPU
		{67A76DB4-3010-47FD-90C7-544FFE5814CB}.Debug|Any CPU.ActiveCfg = Debug|Any CPU
		{67A76DB4-3010-47FD-90C7-544FFE5814CB}.Debug|Any CPU.Build.0 = Debug|Any CPU
		{67A76DB4-3010-47FD-90C7-544FFE5814CB}.Release|Any CPU.ActiveCfg = Release|Any CPU
		{67A76DB4-3010-47FD-90C7-544FFE5814CB}.Release|Any CPU.Build.0 = Release|Any CPU
		{EED97BD2-D463-4867-B807-56237FA27094}.Debug|Any CPU.ActiveCfg = Debug|Any CPU
		{EED97BD2-D463-4867-B807-56237FA27094}.Debug|Any CPU.Build.0 = Debug|Any CPU
		{EED97BD2-D463-4867-B807-56237FA27094}.Release|Any CPU.ActiveCfg = Release|Any CPU
		{EED97BD2-D463-4867-B807-56237FA27094}.Release|Any CPU.Build.0 = Release|Any CPU
		{9B34FF35-8042-49AD-82E5-690AF0C327CF}.Debug|Any CPU.ActiveCfg = Debug|Any CPU
		{9B34FF35-8042-49AD-82E5-690AF0C327CF}.Debug|Any CPU.Build.0 = Debug|Any CPU
		{9B34FF35-8042-49AD-82E5-690AF0C327CF}.Release|Any CPU.ActiveCfg = Release|Any CPU
		{9B34FF35-8042-49AD-82E5-690AF0C327CF}.Release|Any CPU.Build.0 = Release|Any CPU
		{76346ECE-EE1B-4DFF-9BD3-27E0886F3592}.Debug|Any CPU.ActiveCfg = Debug|Any CPU
		{76346ECE-EE1B-4DFF-9BD3-27E0886F3592}.Debug|Any CPU.Build.0 = Debug|Any CPU
		{76346ECE-EE1B-4DFF-9BD3-27E0886F3592}.Release|Any CPU.ActiveCfg = Release|Any CPU
		{76346ECE-EE1B-4DFF-9BD3-27E0886F3592}.Release|Any CPU.Build.0 = Release|Any CPU
		{5108E66E-85F9-4613-B99B-641F91B6AE5F}.Debug|Any CPU.ActiveCfg = Debug|Any CPU
		{5108E66E-85F9-4613-B99B-641F91B6AE5F}.Debug|Any CPU.Build.0 = Debug|Any CPU
		{5108E66E-85F9-4613-B99B-641F91B6AE5F}.Release|Any CPU.ActiveCfg = Release|Any CPU
		{5108E66E-85F9-4613-B99B-641F91B6AE5F}.Release|Any CPU.Build.0 = Release|Any CPU
		{94BFF37A-6E87-40DB-ADAE-96DB19ED2A54}.Debug|Any CPU.ActiveCfg = Debug|Any CPU
		{94BFF37A-6E87-40DB-ADAE-96DB19ED2A54}.Debug|Any CPU.Build.0 = Debug|Any CPU
		{94BFF37A-6E87-40DB-ADAE-96DB19ED2A54}.Release|Any CPU.ActiveCfg = Release|Any CPU
		{94BFF37A-6E87-40DB-ADAE-96DB19ED2A54}.Release|Any CPU.Build.0 = Release|Any CPU
		{8848E6B7-44A7-474A-AF82-3C6874D92C0A}.Debug|Any CPU.ActiveCfg = Debug|Any CPU
		{8848E6B7-44A7-474A-AF82-3C6874D92C0A}.Debug|Any CPU.Build.0 = Debug|Any CPU
		{8848E6B7-44A7-474A-AF82-3C6874D92C0A}.Release|Any CPU.ActiveCfg = Release|Any CPU
		{8848E6B7-44A7-474A-AF82-3C6874D92C0A}.Release|Any CPU.Build.0 = Release|Any CPU
		{A297F973-D528-4CA0-9D71-23AC943AF75C}.Debug|Any CPU.ActiveCfg = Debug|Any CPU
		{A297F973-D528-4CA0-9D71-23AC943AF75C}.Debug|Any CPU.Build.0 = Debug|Any CPU
		{A297F973-D528-4CA0-9D71-23AC943AF75C}.Release|Any CPU.ActiveCfg = Release|Any CPU
		{A297F973-D528-4CA0-9D71-23AC943AF75C}.Release|Any CPU.Build.0 = Release|Any CPU
		{5BE73043-5B40-4AC2-BFF5-92C3F875BAE9}.Debug|Any CPU.ActiveCfg = Debug|Any CPU
		{5BE73043-5B40-4AC2-BFF5-92C3F875BAE9}.Debug|Any CPU.Build.0 = Debug|Any CPU
		{5BE73043-5B40-4AC2-BFF5-92C3F875BAE9}.Release|Any CPU.ActiveCfg = Release|Any CPU
		{5BE73043-5B40-4AC2-BFF5-92C3F875BAE9}.Release|Any CPU.Build.0 = Release|Any CPU
		{C860D257-9B72-4DC2-97F9-DC53742091C2}.Debug|Any CPU.ActiveCfg = Debug|Any CPU
		{C860D257-9B72-4DC2-97F9-DC53742091C2}.Debug|Any CPU.Build.0 = Debug|Any CPU
		{C860D257-9B72-4DC2-97F9-DC53742091C2}.Release|Any CPU.ActiveCfg = Release|Any CPU
		{C860D257-9B72-4DC2-97F9-DC53742091C2}.Release|Any CPU.Build.0 = Release|Any CPU
		{316F8D80-2373-4991-B974-3375880B7D24}.Debug|Any CPU.ActiveCfg = Debug|Any CPU
		{316F8D80-2373-4991-B974-3375880B7D24}.Debug|Any CPU.Build.0 = Debug|Any CPU
		{316F8D80-2373-4991-B974-3375880B7D24}.Release|Any CPU.ActiveCfg = Release|Any CPU
		{316F8D80-2373-4991-B974-3375880B7D24}.Release|Any CPU.Build.0 = Release|Any CPU
		{66BB7EE9-1990-4F4B-91E6-6CD2C6C3AD9D}.Debug|Any CPU.ActiveCfg = Debug|Any CPU
		{66BB7EE9-1990-4F4B-91E6-6CD2C6C3AD9D}.Debug|Any CPU.Build.0 = Debug|Any CPU
		{66BB7EE9-1990-4F4B-91E6-6CD2C6C3AD9D}.Release|Any CPU.ActiveCfg = Release|Any CPU
		{66BB7EE9-1990-4F4B-91E6-6CD2C6C3AD9D}.Release|Any CPU.Build.0 = Release|Any CPU
		{DCA1BFBB-27E4-419F-98C1-292D4D9970F0}.Debug|Any CPU.ActiveCfg = Debug|Any CPU
		{DCA1BFBB-27E4-419F-98C1-292D4D9970F0}.Debug|Any CPU.Build.0 = Debug|Any CPU
		{DCA1BFBB-27E4-419F-98C1-292D4D9970F0}.Release|Any CPU.ActiveCfg = Release|Any CPU
		{DCA1BFBB-27E4-419F-98C1-292D4D9970F0}.Release|Any CPU.Build.0 = Release|Any CPU
		{C9B405D8-F69E-47D7-BF19-E74D03F40550}.Debug|Any CPU.ActiveCfg = Debug|Any CPU
		{C9B405D8-F69E-47D7-BF19-E74D03F40550}.Debug|Any CPU.Build.0 = Debug|Any CPU
		{C9B405D8-F69E-47D7-BF19-E74D03F40550}.Release|Any CPU.ActiveCfg = Release|Any CPU
		{C9B405D8-F69E-47D7-BF19-E74D03F40550}.Release|Any CPU.Build.0 = Release|Any CPU
		{DE1EBD39-D40E-413E-A469-FE6CC57D6B61}.Debug|Any CPU.ActiveCfg = Debug|Any CPU
		{DE1EBD39-D40E-413E-A469-FE6CC57D6B61}.Debug|Any CPU.Build.0 = Debug|Any CPU
		{DE1EBD39-D40E-413E-A469-FE6CC57D6B61}.Release|Any CPU.ActiveCfg = Release|Any CPU
		{DE1EBD39-D40E-413E-A469-FE6CC57D6B61}.Release|Any CPU.Build.0 = Release|Any CPU
		{B95E7B49-E3D7-4988-9B3D-2408AEB40B7C}.Debug|Any CPU.ActiveCfg = Debug|Any CPU
		{B95E7B49-E3D7-4988-9B3D-2408AEB40B7C}.Debug|Any CPU.Build.0 = Debug|Any CPU
		{B95E7B49-E3D7-4988-9B3D-2408AEB40B7C}.Release|Any CPU.ActiveCfg = Release|Any CPU
		{B95E7B49-E3D7-4988-9B3D-2408AEB40B7C}.Release|Any CPU.Build.0 = Release|Any CPU
		{EA7B010B-3783-4F44-8969-F45FCB9ACFFE}.Debug|Any CPU.ActiveCfg = Debug|Any CPU
		{EA7B010B-3783-4F44-8969-F45FCB9ACFFE}.Debug|Any CPU.Build.0 = Debug|Any CPU
		{EA7B010B-3783-4F44-8969-F45FCB9ACFFE}.Release|Any CPU.ActiveCfg = Release|Any CPU
		{EA7B010B-3783-4F44-8969-F45FCB9ACFFE}.Release|Any CPU.Build.0 = Release|Any CPU
		{69289EC9-D850-4A67-8EE8-FB41411D63AE}.Debug|Any CPU.ActiveCfg = Debug|Any CPU
		{69289EC9-D850-4A67-8EE8-FB41411D63AE}.Debug|Any CPU.Build.0 = Debug|Any CPU
		{69289EC9-D850-4A67-8EE8-FB41411D63AE}.Release|Any CPU.ActiveCfg = Release|Any CPU
		{69289EC9-D850-4A67-8EE8-FB41411D63AE}.Release|Any CPU.Build.0 = Release|Any CPU
		{D095E51C-D543-4434-9B9A-4CEE4828924B}.Debug|Any CPU.ActiveCfg = Debug|Any CPU
		{D095E51C-D543-4434-9B9A-4CEE4828924B}.Debug|Any CPU.Build.0 = Debug|Any CPU
		{D095E51C-D543-4434-9B9A-4CEE4828924B}.Release|Any CPU.ActiveCfg = Release|Any CPU
		{D095E51C-D543-4434-9B9A-4CEE4828924B}.Release|Any CPU.Build.0 = Release|Any CPU
		{78F5E23D-9FA1-4706-9C2F-6DCB2EFB7E70}.Debug|Any CPU.ActiveCfg = Debug|Any CPU
		{78F5E23D-9FA1-4706-9C2F-6DCB2EFB7E70}.Debug|Any CPU.Build.0 = Debug|Any CPU
		{78F5E23D-9FA1-4706-9C2F-6DCB2EFB7E70}.Release|Any CPU.ActiveCfg = Release|Any CPU
		{78F5E23D-9FA1-4706-9C2F-6DCB2EFB7E70}.Release|Any CPU.Build.0 = Release|Any CPU
		{8546C1F6-9B0E-4EBF-86A2-07217A879597}.Debug|Any CPU.ActiveCfg = Debug|Any CPU
		{8546C1F6-9B0E-4EBF-86A2-07217A879597}.Debug|Any CPU.Build.0 = Debug|Any CPU
		{8546C1F6-9B0E-4EBF-86A2-07217A879597}.Release|Any CPU.ActiveCfg = Release|Any CPU
		{8546C1F6-9B0E-4EBF-86A2-07217A879597}.Release|Any CPU.Build.0 = Release|Any CPU
		{1C96FD77-A2BB-4B7A-A91F-408967FB2D25}.Debug|Any CPU.ActiveCfg = Debug|Any CPU
		{1C96FD77-A2BB-4B7A-A91F-408967FB2D25}.Debug|Any CPU.Build.0 = Debug|Any CPU
		{1C96FD77-A2BB-4B7A-A91F-408967FB2D25}.Release|Any CPU.ActiveCfg = Release|Any CPU
		{1C96FD77-A2BB-4B7A-A91F-408967FB2D25}.Release|Any CPU.Build.0 = Release|Any CPU
		{ED64C373-35E5-424D-B648-83989004EF6F}.Debug|Any CPU.ActiveCfg = Debug|Any CPU
		{ED64C373-35E5-424D-B648-83989004EF6F}.Debug|Any CPU.Build.0 = Debug|Any CPU
		{ED64C373-35E5-424D-B648-83989004EF6F}.Release|Any CPU.ActiveCfg = Release|Any CPU
		{ED64C373-35E5-424D-B648-83989004EF6F}.Release|Any CPU.Build.0 = Release|Any CPU
		{B7EBDA3B-C005-49D8-9B3F-05C33CD5432B}.Debug|Any CPU.ActiveCfg = Debug|Any CPU
		{B7EBDA3B-C005-49D8-9B3F-05C33CD5432B}.Debug|Any CPU.Build.0 = Debug|Any CPU
		{B7EBDA3B-C005-49D8-9B3F-05C33CD5432B}.Release|Any CPU.ActiveCfg = Release|Any CPU
		{B7EBDA3B-C005-49D8-9B3F-05C33CD5432B}.Release|Any CPU.Build.0 = Release|Any CPU
		{0749A71F-F215-428B-8079-635D22CB5144}.Debug|Any CPU.ActiveCfg = Debug|Any CPU
		{0749A71F-F215-428B-8079-635D22CB5144}.Debug|Any CPU.Build.0 = Debug|Any CPU
		{0749A71F-F215-428B-8079-635D22CB5144}.Release|Any CPU.ActiveCfg = Release|Any CPU
		{0749A71F-F215-428B-8079-635D22CB5144}.Release|Any CPU.Build.0 = Release|Any CPU
		{975A1A22-E846-4BD4-99AA-F139A04CAB27}.Debug|Any CPU.ActiveCfg = Debug|Any CPU
		{975A1A22-E846-4BD4-99AA-F139A04CAB27}.Debug|Any CPU.Build.0 = Debug|Any CPU
		{975A1A22-E846-4BD4-99AA-F139A04CAB27}.Release|Any CPU.ActiveCfg = Release|Any CPU
		{975A1A22-E846-4BD4-99AA-F139A04CAB27}.Release|Any CPU.Build.0 = Release|Any CPU
		{0396EC6A-4281-4C06-8E8C-C091D5A210AA}.Debug|Any CPU.ActiveCfg = Debug|Any CPU
		{0396EC6A-4281-4C06-8E8C-C091D5A210AA}.Debug|Any CPU.Build.0 = Debug|Any CPU
		{0396EC6A-4281-4C06-8E8C-C091D5A210AA}.Release|Any CPU.ActiveCfg = Release|Any CPU
		{0396EC6A-4281-4C06-8E8C-C091D5A210AA}.Release|Any CPU.Build.0 = Release|Any CPU
		{7E01AC3A-1CF8-4092-8EE6-715AEF4B934A}.Debug|Any CPU.ActiveCfg = Debug|Any CPU
		{7E01AC3A-1CF8-4092-8EE6-715AEF4B934A}.Debug|Any CPU.Build.0 = Debug|Any CPU
		{7E01AC3A-1CF8-4092-8EE6-715AEF4B934A}.Release|Any CPU.ActiveCfg = Release|Any CPU
		{7E01AC3A-1CF8-4092-8EE6-715AEF4B934A}.Release|Any CPU.Build.0 = Release|Any CPU
		{12EC9515-CC64-4BC9-A5DE-6020989FA914}.Debug|Any CPU.ActiveCfg = Debug|Any CPU
		{12EC9515-CC64-4BC9-A5DE-6020989FA914}.Debug|Any CPU.Build.0 = Debug|Any CPU
		{12EC9515-CC64-4BC9-A5DE-6020989FA914}.Release|Any CPU.ActiveCfg = Release|Any CPU
		{12EC9515-CC64-4BC9-A5DE-6020989FA914}.Release|Any CPU.Build.0 = Release|Any CPU
		{11B45212-EB5C-4758-85FE-00E58BB7D715}.Debug|Any CPU.ActiveCfg = Debug|Any CPU
		{11B45212-EB5C-4758-85FE-00E58BB7D715}.Debug|Any CPU.Build.0 = Debug|Any CPU
		{11B45212-EB5C-4758-85FE-00E58BB7D715}.Release|Any CPU.ActiveCfg = Release|Any CPU
		{11B45212-EB5C-4758-85FE-00E58BB7D715}.Release|Any CPU.Build.0 = Release|Any CPU
		{C2D05A6C-A784-44FD-AE7D-77BF9FFEB49E}.Debug|Any CPU.ActiveCfg = Debug|Any CPU
		{C2D05A6C-A784-44FD-AE7D-77BF9FFEB49E}.Debug|Any CPU.Build.0 = Debug|Any CPU
		{C2D05A6C-A784-44FD-AE7D-77BF9FFEB49E}.Release|Any CPU.ActiveCfg = Release|Any CPU
		{C2D05A6C-A784-44FD-AE7D-77BF9FFEB49E}.Release|Any CPU.Build.0 = Release|Any CPU
		{6006FBE7-6507-459F-AC18-FCF2BE886763}.Debug|Any CPU.ActiveCfg = Debug|Any CPU
		{6006FBE7-6507-459F-AC18-FCF2BE886763}.Debug|Any CPU.Build.0 = Debug|Any CPU
		{6006FBE7-6507-459F-AC18-FCF2BE886763}.Release|Any CPU.ActiveCfg = Release|Any CPU
		{6006FBE7-6507-459F-AC18-FCF2BE886763}.Release|Any CPU.Build.0 = Release|Any CPU
		{77C79C6A-3B98-4BCF-8946-1EFF295C6F4E}.Debug|Any CPU.ActiveCfg = Debug|Any CPU
		{77C79C6A-3B98-4BCF-8946-1EFF295C6F4E}.Debug|Any CPU.Build.0 = Debug|Any CPU
		{77C79C6A-3B98-4BCF-8946-1EFF295C6F4E}.Release|Any CPU.ActiveCfg = Release|Any CPU
		{77C79C6A-3B98-4BCF-8946-1EFF295C6F4E}.Release|Any CPU.Build.0 = Release|Any CPU
		{4F6E7AC8-2910-49B4-9014-C5556C6A7E8A}.Debug|Any CPU.ActiveCfg = Debug|Any CPU
		{4F6E7AC8-2910-49B4-9014-C5556C6A7E8A}.Debug|Any CPU.Build.0 = Debug|Any CPU
		{4F6E7AC8-2910-49B4-9014-C5556C6A7E8A}.Release|Any CPU.ActiveCfg = Release|Any CPU
		{4F6E7AC8-2910-49B4-9014-C5556C6A7E8A}.Release|Any CPU.Build.0 = Release|Any CPU
		{197ED994-18D8-479D-8974-E1976440B09F}.Debug|Any CPU.ActiveCfg = Debug|Any CPU
		{197ED994-18D8-479D-8974-E1976440B09F}.Debug|Any CPU.Build.0 = Debug|Any CPU
		{197ED994-18D8-479D-8974-E1976440B09F}.Release|Any CPU.ActiveCfg = Release|Any CPU
		{197ED994-18D8-479D-8974-E1976440B09F}.Release|Any CPU.Build.0 = Release|Any CPU
		{2F08455E-CADA-4E48-AC6E-DE7F56330DC8}.Debug|Any CPU.ActiveCfg = Debug|Any CPU
		{2F08455E-CADA-4E48-AC6E-DE7F56330DC8}.Debug|Any CPU.Build.0 = Debug|Any CPU
		{2F08455E-CADA-4E48-AC6E-DE7F56330DC8}.Release|Any CPU.ActiveCfg = Release|Any CPU
		{2F08455E-CADA-4E48-AC6E-DE7F56330DC8}.Release|Any CPU.Build.0 = Release|Any CPU
		{93FB5235-1B40-46B4-B5A7-34CB1AE7EDF4}.Debug|Any CPU.ActiveCfg = Debug|Any CPU
		{93FB5235-1B40-46B4-B5A7-34CB1AE7EDF4}.Debug|Any CPU.Build.0 = Debug|Any CPU
		{93FB5235-1B40-46B4-B5A7-34CB1AE7EDF4}.Release|Any CPU.ActiveCfg = Release|Any CPU
		{93FB5235-1B40-46B4-B5A7-34CB1AE7EDF4}.Release|Any CPU.Build.0 = Release|Any CPU
		{71D4C348-40DC-4189-8FFA-7D685FA334F5}.Debug|Any CPU.ActiveCfg = Debug|Any CPU
		{71D4C348-40DC-4189-8FFA-7D685FA334F5}.Debug|Any CPU.Build.0 = Debug|Any CPU
		{71D4C348-40DC-4189-8FFA-7D685FA334F5}.Release|Any CPU.ActiveCfg = Release|Any CPU
		{71D4C348-40DC-4189-8FFA-7D685FA334F5}.Release|Any CPU.Build.0 = Release|Any CPU
		{5AC2A8D9-18A2-409E-A5BD-5A2226A3E89E}.Debug|Any CPU.ActiveCfg = Debug|Any CPU
		{5AC2A8D9-18A2-409E-A5BD-5A2226A3E89E}.Debug|Any CPU.Build.0 = Debug|Any CPU
		{5AC2A8D9-18A2-409E-A5BD-5A2226A3E89E}.Release|Any CPU.ActiveCfg = Release|Any CPU
		{5AC2A8D9-18A2-409E-A5BD-5A2226A3E89E}.Release|Any CPU.Build.0 = Release|Any CPU
	EndGlobalSection
	GlobalSection(SolutionProperties) = preSolution
		HideSolutionNode = FALSE
	EndGlobalSection
	GlobalSection(NestedProjects) = preSolution
		{41A0F838-9326-4CF7-BD2D-341017988953} = {ED0A7918-04FA-4040-B641-4CA249074083}
		{5F5DCA12-3FCD-4BCA-81A1-E0989757A660} = {ED0A7918-04FA-4040-B641-4CA249074083}
		{60D9509B-01D2-4011-B7F6-61895BF00090} = {140ED621-3D93-4523-8B62-BE6850E04698}
		{6935604B-47C3-429F-AEEA-B05983CDC76B} = {ED0A7918-04FA-4040-B641-4CA249074083}
		{90B31847-2889-4561-B619-79E73A0B8FCF} = {6935604B-47C3-429F-AEEA-B05983CDC76B}
		{9E7D65C9-D143-4756-B465-FBE87F6219E7} = {84E88B2D-B865-4D4C-9500-2DE9866CD7B4}
		{128FF9DB-0909-4320-B6BD-741323DD2B0C} = {140ED621-3D93-4523-8B62-BE6850E04698}
		{6319F886-D543-434E-BB43-101631837174} = {84E88B2D-B865-4D4C-9500-2DE9866CD7B4}
		{67A76DB4-3010-47FD-90C7-544FFE5814CB} = {79065DE8-D7FB-40A5-980B-A0841A208B38}
		{EED97BD2-D463-4867-B807-56237FA27094} = {79065DE8-D7FB-40A5-980B-A0841A208B38}
		{9B34FF35-8042-49AD-82E5-690AF0C327CF} = {0F209705-7D2E-4697-8C1D-37D5AAE94CBB}
		{76346ECE-EE1B-4DFF-9BD3-27E0886F3592} = {0F209705-7D2E-4697-8C1D-37D5AAE94CBB}
		{5108E66E-85F9-4613-B99B-641F91B6AE5F} = {41A0F838-9326-4CF7-BD2D-341017988953}
		{94BFF37A-6E87-40DB-ADAE-96DB19ED2A54} = {41A0F838-9326-4CF7-BD2D-341017988953}
		{8848E6B7-44A7-474A-AF82-3C6874D92C0A} = {41A0F838-9326-4CF7-BD2D-341017988953}
		{A297F973-D528-4CA0-9D71-23AC943AF75C} = {41A0F838-9326-4CF7-BD2D-341017988953}
		{5BE73043-5B40-4AC2-BFF5-92C3F875BAE9} = {41A0F838-9326-4CF7-BD2D-341017988953}
		{C860D257-9B72-4DC2-97F9-DC53742091C2} = {41A0F838-9326-4CF7-BD2D-341017988953}
		{316F8D80-2373-4991-B974-3375880B7D24} = {41A0F838-9326-4CF7-BD2D-341017988953}
		{66BB7EE9-1990-4F4B-91E6-6CD2C6C3AD9D} = {41A0F838-9326-4CF7-BD2D-341017988953}
		{99DDEF57-015C-40A1-86A5-8324A9FD0AEE} = {ED0A7918-04FA-4040-B641-4CA249074083}
		{DCA1BFBB-27E4-419F-98C1-292D4D9970F0} = {99DDEF57-015C-40A1-86A5-8324A9FD0AEE}
		{C9B405D8-F69E-47D7-BF19-E74D03F40550} = {99DDEF57-015C-40A1-86A5-8324A9FD0AEE}
		{DE1EBD39-D40E-413E-A469-FE6CC57D6B61} = {99DDEF57-015C-40A1-86A5-8324A9FD0AEE}
		{B95E7B49-E3D7-4988-9B3D-2408AEB40B7C} = {99DDEF57-015C-40A1-86A5-8324A9FD0AEE}
		{EA7B010B-3783-4F44-8969-F45FCB9ACFFE} = {99DDEF57-015C-40A1-86A5-8324A9FD0AEE}
		{69289EC9-D850-4A67-8EE8-FB41411D63AE} = {99DDEF57-015C-40A1-86A5-8324A9FD0AEE}
		{D095E51C-D543-4434-9B9A-4CEE4828924B} = {99DDEF57-015C-40A1-86A5-8324A9FD0AEE}
		{78F5E23D-9FA1-4706-9C2F-6DCB2EFB7E70} = {99DDEF57-015C-40A1-86A5-8324A9FD0AEE}
		{8546C1F6-9B0E-4EBF-86A2-07217A879597} = {90B31847-2889-4561-B619-79E73A0B8FCF}
		{1C96FD77-A2BB-4B7A-A91F-408967FB2D25} = {90B31847-2889-4561-B619-79E73A0B8FCF}
		{ED64C373-35E5-424D-B648-83989004EF6F} = {90B31847-2889-4561-B619-79E73A0B8FCF}
		{B7EBDA3B-C005-49D8-9B3F-05C33CD5432B} = {90B31847-2889-4561-B619-79E73A0B8FCF}
		{0749A71F-F215-428B-8079-635D22CB5144} = {90B31847-2889-4561-B619-79E73A0B8FCF}
		{975A1A22-E846-4BD4-99AA-F139A04CAB27} = {90B31847-2889-4561-B619-79E73A0B8FCF}
		{0396EC6A-4281-4C06-8E8C-C091D5A210AA} = {90B31847-2889-4561-B619-79E73A0B8FCF}
		{7E01AC3A-1CF8-4092-8EE6-715AEF4B934A} = {90B31847-2889-4561-B619-79E73A0B8FCF}
		{12EC9515-CC64-4BC9-A5DE-6020989FA914} = {5F5DCA12-3FCD-4BCA-81A1-E0989757A660}
		{11B45212-EB5C-4758-85FE-00E58BB7D715} = {5F5DCA12-3FCD-4BCA-81A1-E0989757A660}
		{C2D05A6C-A784-44FD-AE7D-77BF9FFEB49E} = {5F5DCA12-3FCD-4BCA-81A1-E0989757A660}
		{6006FBE7-6507-459F-AC18-FCF2BE886763} = {5F5DCA12-3FCD-4BCA-81A1-E0989757A660}
		{77C79C6A-3B98-4BCF-8946-1EFF295C6F4E} = {5F5DCA12-3FCD-4BCA-81A1-E0989757A660}
		{4F6E7AC8-2910-49B4-9014-C5556C6A7E8A} = {5F5DCA12-3FCD-4BCA-81A1-E0989757A660}
		{197ED994-18D8-479D-8974-E1976440B09F} = {5F5DCA12-3FCD-4BCA-81A1-E0989757A660}
		{2F08455E-CADA-4E48-AC6E-DE7F56330DC8} = {5F5DCA12-3FCD-4BCA-81A1-E0989757A660}
		{93FB5235-1B40-46B4-B5A7-34CB1AE7EDF4} = {140ED621-3D93-4523-8B62-BE6850E04698}
		{71D4C348-40DC-4189-8FFA-7D685FA334F5} = {140ED621-3D93-4523-8B62-BE6850E04698}
		{5AC2A8D9-18A2-409E-A5BD-5A2226A3E89E} = {140ED621-3D93-4523-8B62-BE6850E04698}
	EndGlobalSection
	GlobalSection(ExtensibilityGlobals) = postSolution
		SolutionGuid = {ECFA44F4-824C-4405-82F5-F62F2DCBCD5E}
	EndGlobalSection
EndGlobal
